
Microsoft Visual Studio Solution File, Format Version 12.00
# Visual Studio Version 17
VisualStudioVersion = 17.10.35013.160
MinimumVisualStudioVersion = 10.0.40219.1
Project("{9A19103F-16F7-4668-BE54-9A1E7A4F7556}") = "ComPortReader", "ComPortReader\ComPortReader.csproj", "{E3B84E11-EE5B-4EA2-9B01-8E019AA7A587}"
EndProject
Project("{2150E333-8FDC-42A3-9474-1A3956D46DE8}") = "Solution Items", "Solution Items", "{E8DA890E-8412-4E2E-A8F3-6AE17B509780}"
	ProjectSection(SolutionItems) = preProject
		C:\Users\forko\Downloads\cat_6_icon-icons.com_53579.ico = C:\Users\forko\Downloads\cat_6_icon-icons.com_53579.ico
	EndProjectSection
EndProject
Global
	GlobalSection(SolutionConfigurationPlatforms) = preSolution
		Debug|Any CPU = Debug|Any CPU
		Release|Any CPU = Release|Any CPU
	EndGlobalSection
	GlobalSection(ProjectConfigurationPlatforms) = postSolution
		{E3B84E11-EE5B-4EA2-9B01-8E019AA7A587}.Debug|Any CPU.ActiveCfg = Debug|Any CPU
		{E3B84E11-EE5B-4EA2-9B01-8E019AA7A587}.Debug|Any CPU.Build.0 = Debug|Any CPU
		{E3B84E11-EE5B-4EA2-9B01-8E019AA7A587}.Release|Any CPU.ActiveCfg = Release|Any CPU
		{E3B84E11-EE5B-4EA2-9B01-8E019AA7A587}.Release|Any CPU.Build.0 = Release|Any CPU
	EndGlobalSection
	GlobalSection(SolutionProperties) = preSolution
		HideSolutionNode = FALSE
	EndGlobalSection
	GlobalSection(ExtensibilityGlobals) = postSolution
		SolutionGuid = {B2AD966A-C704-4271-BE08-567FE8BC31A9}
	EndGlobalSection
EndGlobal
